
Microsoft Visual Studio Solution File, Format Version 12.00
# Visual Studio Version 17
VisualStudioVersion = 17.7.34024.191
MinimumVisualStudioVersion = 10.0.40219.1
Project("{9A19103F-16F7-4668-BE54-9A1E7A4F7556}") = "MySkills", "MySkills\MySkills.csproj", "{6332C2FC-4CE8-4690-9A2E-6E2482B75FD3}"
EndProject
Project("{9A19103F-16F7-4668-BE54-9A1E7A4F7556}") = "MySkillsTest", "MySkillsTest\MySkillsTest.csproj", "{D3AA6328-29E4-497D-89FA-95464FDC90FA}"
EndProject
Project("{FAE04EC0-301F-11D3-BF4B-00C04F79EFBC}") = "MySkillsUI", "MySkillsUI\MySkillsUI.csproj", "{D3747706-1505-4243-B48B-CD68BA071A7D}"
EndProject
Global
	GlobalSection(SolutionConfigurationPlatforms) = preSolution
		Debug|Any CPU = Debug|Any CPU
		Release|Any CPU = Release|Any CPU
	EndGlobalSection
	GlobalSection(ProjectConfigurationPlatforms) = postSolution
		{6332C2FC-4CE8-4690-9A2E-6E2482B75FD3}.Debug|Any CPU.ActiveCfg = Debug|Any CPU
		{6332C2FC-4CE8-4690-9A2E-6E2482B75FD3}.Debug|Any CPU.Build.0 = Debug|Any CPU
		{6332C2FC-4CE8-4690-9A2E-6E2482B75FD3}.Release|Any CPU.ActiveCfg = Release|Any CPU
		{6332C2FC-4CE8-4690-9A2E-6E2482B75FD3}.Release|Any CPU.Build.0 = Release|Any CPU
		{D3AA6328-29E4-497D-89FA-95464FDC90FA}.Debug|Any CPU.ActiveCfg = Debug|Any CPU
		{D3AA6328-29E4-497D-89FA-95464FDC90FA}.Debug|Any CPU.Build.0 = Debug|Any CPU
		{D3AA6328-29E4-497D-89FA-95464FDC90FA}.Release|Any CPU.ActiveCfg = Release|Any CPU
		{D3AA6328-29E4-497D-89FA-95464FDC90FA}.Release|Any CPU.Build.0 = Release|Any CPU
		{D3747706-1505-4243-B48B-CD68BA071A7D}.Debug|Any CPU.ActiveCfg = Debug|Any CPU
		{D3747706-1505-4243-B48B-CD68BA071A7D}.Debug|Any CPU.Build.0 = Debug|Any CPU
		{D3747706-1505-4243-B48B-CD68BA071A7D}.Release|Any CPU.ActiveCfg = Release|Any CPU
		{D3747706-1505-4243-B48B-CD68BA071A7D}.Release|Any CPU.Build.0 = Release|Any CPU
	EndGlobalSection
	GlobalSection(SolutionProperties) = preSolution
		HideSolutionNode = FALSE
	EndGlobalSection
	GlobalSection(ExtensibilityGlobals) = postSolution
		SolutionGuid = {65020F0F-CAFF-4BAC-B4F0-1683E6DB1C91}
	EndGlobalSection
EndGlobal
